
Microsoft Visual Studio Solution File, Format Version 12.00
# Visual Studio 14
VisualStudioVersion = 14.0.25420.1
MinimumVisualStudioVersion = 10.0.40219.1
Project("{FAE04EC0-301F-11D3-BF4B-00C04F79EFBC}") = "ACHI", "ACHI\ACHI.csproj", "{6A689830-D88F-443F-A1DB-77CB7D1671A2}"
EndProject
Project("{FAE04EC0-301F-11D3-BF4B-00C04F79EFBC}") = "EmailReaderService", "EmailReaderService\EmailReaderService\EmailReaderService.csproj", "{3C16C440-2946-4C23-95B3-85BA6F2DCD16}"
EndProject
Project("{FAE04EC0-301F-11D3-BF4B-00C04F79EFBC}") = "TestApplication", "TestApplication\TestApplication.csproj", "{14B8A50E-1FED-4A05-B76A-4C3F33713228}"
EndProject
Project("{FAE04EC0-301F-11D3-BF4B-00C04F79EFBC}") = "BRDFountain", "BRDFountain\BRDFountain.csproj", "{D4A4CDE4-408F-4D83-A72F-9077528F71EA}"
EndProject
Global
	GlobalSection(SolutionConfigurationPlatforms) = preSolution
		Debug|Any CPU = Debug|Any CPU
		Release|Any CPU = Release|Any CPU
	EndGlobalSection
	GlobalSection(ProjectConfigurationPlatforms) = postSolution
		{6A689830-D88F-443F-A1DB-77CB7D1671A2}.Debug|Any CPU.ActiveCfg = Debug|Any CPU
		{6A689830-D88F-443F-A1DB-77CB7D1671A2}.Debug|Any CPU.Build.0 = Debug|Any CPU
		{6A689830-D88F-443F-A1DB-77CB7D1671A2}.Release|Any CPU.ActiveCfg = Release|Any CPU
		{6A689830-D88F-443F-A1DB-77CB7D1671A2}.Release|Any CPU.Build.0 = Release|Any CPU
		{3C16C440-2946-4C23-95B3-85BA6F2DCD16}.Debug|Any CPU.ActiveCfg = Debug|Any CPU
		{3C16C440-2946-4C23-95B3-85BA6F2DCD16}.Debug|Any CPU.Build.0 = Debug|Any CPU
		{3C16C440-2946-4C23-95B3-85BA6F2DCD16}.Release|Any CPU.ActiveCfg = Release|Any CPU
		{3C16C440-2946-4C23-95B3-85BA6F2DCD16}.Release|Any CPU.Build.0 = Release|Any CPU
		{14B8A50E-1FED-4A05-B76A-4C3F33713228}.Debug|Any CPU.ActiveCfg = Debug|Any CPU
		{14B8A50E-1FED-4A05-B76A-4C3F33713228}.Debug|Any CPU.Build.0 = Debug|Any CPU
		{14B8A50E-1FED-4A05-B76A-4C3F33713228}.Release|Any CPU.ActiveCfg = Release|Any CPU
		{14B8A50E-1FED-4A05-B76A-4C3F33713228}.Release|Any CPU.Build.0 = Release|Any CPU
		{D4A4CDE4-408F-4D83-A72F-9077528F71EA}.Debug|Any CPU.ActiveCfg = Debug|Any CPU
		{D4A4CDE4-408F-4D83-A72F-9077528F71EA}.Debug|Any CPU.Build.0 = Debug|Any CPU
		{D4A4CDE4-408F-4D83-A72F-9077528F71EA}.Release|Any CPU.ActiveCfg = Release|Any CPU
		{D4A4CDE4-408F-4D83-A72F-9077528F71EA}.Release|Any CPU.Build.0 = Release|Any CPU
	EndGlobalSection
	GlobalSection(SolutionProperties) = preSolution
		HideSolutionNode = FALSE
	EndGlobalSection
EndGlobal
